
Microsoft Visual Studio Solution File, Format Version 12.00
# Visual Studio 2012
Project("{FAE04EC0-301F-11D3-BF4B-00C04F79EFBC}") = "QifApi", "QifApi\QifApi.csproj", "{80519FD2-924F-4A95-B892-F8A97938FC97}"
EndProject
Project("{FAE04EC0-301F-11D3-BF4B-00C04F79EFBC}") = "ApiTest", "ApiTest\ApiTest.csproj", "{B9D64D43-E7B0-4A6F-B109-295D40D68135}"
EndProject
Global
	GlobalSection(TeamFoundationVersionControl) = preSolution
		SccNumberOfProjects = 3
		SccEnterpriseProvider = {4CA58AB2-18FA-4F8D-95D4-32DDF27D184C}
		SccTeamFoundationServer = https://tfs.codeplex.com/tfs/tfs08
		SccLocalPath0 = .
		SccProjectUniqueName1 = QifApi\\QifApi.csproj
		SccProjectName1 = QifApi
		SccLocalPath1 = QifApi
		SccProjectUniqueName2 = ApiTest\\ApiTest.csproj
		SccProjectName2 = ApiTest
		SccLocalPath2 = ApiTest
	EndGlobalSection
	GlobalSection(SolutionConfigurationPlatforms) = preSolution
		Debug|Any CPU = Debug|Any CPU
		Release|Any CPU = Release|Any CPU
	EndGlobalSection
	GlobalSection(ProjectConfigurationPlatforms) = postSolution
		{80519FD2-924F-4A95-B892-F8A97938FC97}.Debug|Any CPU.ActiveCfg = Debug|Any CPU
		{80519FD2-924F-4A95-B892-F8A97938FC97}.Debug|Any CPU.Build.0 = Debug|Any CPU
		{80519FD2-924F-4A95-B892-F8A97938FC97}.Release|Any CPU.ActiveCfg = Release|Any CPU
		{80519FD2-924F-4A95-B892-F8A97938FC97}.Release|Any CPU.Build.0 = Release|Any CPU
		{B9D64D43-E7B0-4A6F-B109-295D40D68135}.Debug|Any CPU.ActiveCfg = Debug|Any CPU
		{B9D64D43-E7B0-4A6F-B109-295D40D68135}.Debug|Any CPU.Build.0 = Debug|Any CPU
		{B9D64D43-E7B0-4A6F-B109-295D40D68135}.Release|Any CPU.ActiveCfg = Release|Any CPU
		{B9D64D43-E7B0-4A6F-B109-295D40D68135}.Release|Any CPU.Build.0 = Release|Any CPU
	EndGlobalSection
	GlobalSection(SolutionProperties) = preSolution
		HideSolutionNode = FALSE
	EndGlobalSection
EndGlobal
